
Microsoft Visual Studio Solution File, Format Version 12.00
# Visual Studio Version 16
VisualStudioVersion = 16.0.30804.86
MinimumVisualStudioVersion = 10.0.40219.1
Project("{FAE04EC0-301F-11D3-BF4B-00C04F79EFBC}") = "ConsoleApp1", "ConsoleApp1\ConsoleApp1.csproj", "{662FF5F8-8D9B-4740-8DBD-80C7B9B60A55}"
EndProject
Global
	GlobalSection(SolutionConfigurationPlatforms) = preSolution
		Debug|Any CPU = Debug|Any CPU
		Release|Any CPU = Release|Any CPU
	EndGlobalSection
	GlobalSection(ProjectConfigurationPlatforms) = postSolution
		{662FF5F8-8D9B-4740-8DBD-80C7B9B60A55}.Debug|Any CPU.ActiveCfg = Debug|Any CPU
		{662FF5F8-8D9B-4740-8DBD-80C7B9B60A55}.Debug|Any CPU.Build.0 = Debug|Any CPU
		{662FF5F8-8D9B-4740-8DBD-80C7B9B60A55}.Release|Any CPU.ActiveCfg = Release|Any CPU
		{662FF5F8-8D9B-4740-8DBD-80C7B9B60A55}.Release|Any CPU.Build.0 = Release|Any CPU
	EndGlobalSection
	GlobalSection(SolutionProperties) = preSolution
		HideSolutionNode = FALSE
	EndGlobalSection
	GlobalSection(ExtensibilityGlobals) = postSolution
		SolutionGuid = {F2CA4A7A-6836-4F2E-9979-FD05625831EE}
	EndGlobalSection
EndGlobal
